
Microsoft Visual Studio Solution File, Format Version 12.00
# Visual Studio Version 16
VisualStudioVersion = 16.0.31729.503
MinimumVisualStudioVersion = 10.0.40219.1
Project("{FAE04EC0-301F-11D3-BF4B-00C04F79EFBC}") = "Ejercicios_Condicionales_Simlples", "Ejercicios_Condicionales_Simlples\Ejercicios_Condicionales_Simlples.csproj", "{5D7A78E0-97C9-48D3-8130-C43EC1971F5D}"
EndProject
Global
	GlobalSection(SolutionConfigurationPlatforms) = preSolution
		Debug|Any CPU = Debug|Any CPU
		Release|Any CPU = Release|Any CPU
	EndGlobalSection
	GlobalSection(ProjectConfigurationPlatforms) = postSolution
		{5D7A78E0-97C9-48D3-8130-C43EC1971F5D}.Debug|Any CPU.ActiveCfg = Debug|Any CPU
		{5D7A78E0-97C9-48D3-8130-C43EC1971F5D}.Debug|Any CPU.Build.0 = Debug|Any CPU
		{5D7A78E0-97C9-48D3-8130-C43EC1971F5D}.Release|Any CPU.ActiveCfg = Release|Any CPU
		{5D7A78E0-97C9-48D3-8130-C43EC1971F5D}.Release|Any CPU.Build.0 = Release|Any CPU
	EndGlobalSection
	GlobalSection(SolutionProperties) = preSolution
		HideSolutionNode = FALSE
	EndGlobalSection
	GlobalSection(ExtensibilityGlobals) = postSolution
		SolutionGuid = {91A86913-F117-4CB8-897D-9C5F10286286}
	EndGlobalSection
EndGlobal
