
Microsoft Visual Studio Solution File, Format Version 12.00
# Visual Studio Version 16
VisualStudioVersion = 16.0.31729.503
MinimumVisualStudioVersion = 10.0.40219.1
Project("{FAE04EC0-301F-11D3-BF4B-00C04F79EFBC}") = "ejerciciosWhile(mientras)", "ejerciciosWhile(mientras)\ejerciciosWhile(mientras).csproj", "{A6F3EBAD-F9BC-4B35-A81B-54DF008AF965}"
EndProject
Global
	GlobalSection(SolutionConfigurationPlatforms) = preSolution
		Debug|Any CPU = Debug|Any CPU
		Release|Any CPU = Release|Any CPU
	EndGlobalSection
	GlobalSection(ProjectConfigurationPlatforms) = postSolution
		{A6F3EBAD-F9BC-4B35-A81B-54DF008AF965}.Debug|Any CPU.ActiveCfg = Debug|Any CPU
		{A6F3EBAD-F9BC-4B35-A81B-54DF008AF965}.Debug|Any CPU.Build.0 = Debug|Any CPU
		{A6F3EBAD-F9BC-4B35-A81B-54DF008AF965}.Release|Any CPU.ActiveCfg = Release|Any CPU
		{A6F3EBAD-F9BC-4B35-A81B-54DF008AF965}.Release|Any CPU.Build.0 = Release|Any CPU
	EndGlobalSection
	GlobalSection(SolutionProperties) = preSolution
		HideSolutionNode = FALSE
	EndGlobalSection
	GlobalSection(ExtensibilityGlobals) = postSolution
		SolutionGuid = {E27C1307-3075-423C-BF44-E63ACD24A3BA}
	EndGlobalSection
EndGlobal
